// !$*UTF8*$!
{
	archiveVersion = 1;
	classes = {
	};
	objectVersion = 51;
	objects = {

/* Begin PBXBuildFile section */
		9681D7152652DE6C003F7E31 /* UserState.swift in Sources */ = {isa = PBXBuildFile; fileRef = 9681D7142652DE6C003F7E31 /* UserState.swift */; };
		9D0CA4FF3CD821B7A4078D44 /* Pods_TeachAssistTests.framework in Frameworks */ = {isa = PBXBuildFile; fileRef = 0C13CED4F7CA17D7CBB6CC00 /* Pods_TeachAssistTests.framework */; };
		CD8BC9889167B27DC3198026 /* Pods_TeachAssist.framework in Frameworks */ = {isa = PBXBuildFile; fileRef = 35BF106475FFAEA25BD8B7D3 /* Pods_TeachAssist.framework */; settings = {ATTRIBUTES = (Required, ); }; };
		E4A88A848F875A3B2DF96A5B /* Pods_TeachAssist_TeachAssistUITests.framework in Frameworks */ = {isa = PBXBuildFile; fileRef = C2B7368D27F299DA1C60004D /* Pods_TeachAssist_TeachAssistUITests.framework */; };
		F324C148266B18F000DD8BE1 /* LaunchView.swift in Sources */ = {isa = PBXBuildFile; fileRef = F324C147266B18F000DD8BE1 /* LaunchView.swift */; };
		F325329A2669175B006480DA /* TAConstants.swift in Sources */ = {isa = PBXBuildFile; fileRef = F32532992669175B006480DA /* TAConstants.swift */; };
		F32C28BF26E3CC5D00F3F396 /* EvaluationView.swift in Sources */ = {isa = PBXBuildFile; fileRef = F32C28BE26E3CC5D00F3F396 /* EvaluationView.swift */; };
		F32C28C126E42C9F00F3F396 /* AddEvaluationButtonView.swift in Sources */ = {isa = PBXBuildFile; fileRef = F32C28C026E42C9F00F3F396 /* AddEvaluationButtonView.swift */; };
		F32C28C426E44B7200F3F396 /* AddEvaluationView.swift in Sources */ = {isa = PBXBuildFile; fileRef = F32C28C326E44B7200F3F396 /* AddEvaluationView.swift */; };
		F32C28C626E476EE00F3F396 /* EditEvaluationView.swift in Sources */ = {isa = PBXBuildFile; fileRef = F32C28C526E476EE00F3F396 /* EditEvaluationView.swift */; };
		F32C28C826E511DC00F3F396 /* BreakdownView.swift in Sources */ = {isa = PBXBuildFile; fileRef = F32C28C726E511DC00F3F396 /* BreakdownView.swift */; };
		F32C28D826E52B8300F3F396 /* Path+QuadCurve.swift in Sources */ = {isa = PBXBuildFile; fileRef = F32C28CF26E52B8200F3F396 /* Path+QuadCurve.swift */; };
		F32C28D926E52B8300F3F396 /* IndicatorPoint.swift in Sources */ = {isa = PBXBuildFile; fileRef = F32C28D026E52B8200F3F396 /* IndicatorPoint.swift */; };
		F32C28DA26E52B8300F3F396 /* LineChartViewSwiftUI.swift in Sources */ = {isa = PBXBuildFile; fileRef = F32C28D126E52B8200F3F396 /* LineChartViewSwiftUI.swift */; };
		F32C28DB26E52B8300F3F396 /* Helpers.swift in Sources */ = {isa = PBXBuildFile; fileRef = F32C28D226E52B8200F3F396 /* Helpers.swift */; };
		F32C28DC26E52B8300F3F396 /* MagnifierRect.swift in Sources */ = {isa = PBXBuildFile; fileRef = F32C28D326E52B8200F3F396 /* MagnifierRect.swift */; };
		F32C28DD26E52B8300F3F396 /* Legend.swift in Sources */ = {isa = PBXBuildFile; fileRef = F32C28D426E52B8300F3F396 /* Legend.swift */; };
		F32C28DE26E52B8300F3F396 /* Line.swift in Sources */ = {isa = PBXBuildFile; fileRef = F32C28D526E52B8300F3F396 /* Line.swift */; };
		F32C28DF26E52B8300F3F396 /* MultiLineChartView.swift in Sources */ = {isa = PBXBuildFile; fileRef = F32C28D626E52B8300F3F396 /* MultiLineChartView.swift */; };
		F32C28E026E52B8300F3F396 /* LineView.swift in Sources */ = {isa = PBXBuildFile; fileRef = F32C28D726E52B8300F3F396 /* LineView.swift */; };
		F32C28E226E52CC900F3F396 /* TrendView.swift in Sources */ = {isa = PBXBuildFile; fileRef = F32C28E126E52CC900F3F396 /* TrendView.swift */; };
		F32C28E426E5817100F3F396 /* LinksView.swift in Sources */ = {isa = PBXBuildFile; fileRef = F32C28E326E5817100F3F396 /* LinksView.swift */; };
		F32C28E726E5834A00F3F396 /* MenuButtonView.swift in Sources */ = {isa = PBXBuildFile; fileRef = F32C28E626E5834A00F3F396 /* MenuButtonView.swift */; };
		F32C28E926E5A37400F3F396 /* WebsiteView.swift in Sources */ = {isa = PBXBuildFile; fileRef = F32C28E826E5A37400F3F396 /* WebsiteView.swift */; };
		F32C28EB26E5B15100F3F396 /* SettingsView.swift in Sources */ = {isa = PBXBuildFile; fileRef = F32C28EA26E5B15100F3F396 /* SettingsView.swift */; };
		F32C28EF26E5E13300F3F396 /* AboutView.swift in Sources */ = {isa = PBXBuildFile; fileRef = F32C28EE26E5E13300F3F396 /* AboutView.swift */; };
		F32C28F326E6768900F3F396 /* Demo.swift in Sources */ = {isa = PBXBuildFile; fileRef = F32C28F226E6768900F3F396 /* Demo.swift */; };
		F33E7A7226D6CD6E007819B7 /* MainView.swift in Sources */ = {isa = PBXBuildFile; fileRef = F33E7A7126D6CD6E007819B7 /* MainView.swift */; };
		F34E825926DD964500AC8314 /* RefreshControl.swift in Sources */ = {isa = PBXBuildFile; fileRef = F34E825826DD964500AC8314 /* RefreshControl.swift */; };
		F34E826126DD9EC700AC8314 /* RingView.swift in Sources */ = {isa = PBXBuildFile; fileRef = F34E826026DD9EC700AC8314 /* RingView.swift */; };
		F34E826326E152D800AC8314 /* SmallButtonView.swift in Sources */ = {isa = PBXBuildFile; fileRef = F34E826226E152D800AC8314 /* SmallButtonView.swift */; };
		F34E826926E2719100AC8314 /* CourseCellView.swift in Sources */ = {isa = PBXBuildFile; fileRef = F34E826826E2719100AC8314 /* CourseCellView.swift */; };
		F34E826B26E2791200AC8314 /* ProgressBarView.swift in Sources */ = {isa = PBXBuildFile; fileRef = F34E826A26E2791200AC8314 /* ProgressBarView.swift */; };
		F34E826D26E2C32300AC8314 /* CourseView.swift in Sources */ = {isa = PBXBuildFile; fileRef = F34E826C26E2C32300AC8314 /* CourseView.swift */; };
		F35023A828189BDC0020D327 /* NavigationHelper.swift in Sources */ = {isa = PBXBuildFile; fileRef = F35023A728189BDC0020D327 /* NavigationHelper.swift */; };
		F3621862269F457900B40CD1 /* SecureTextField.swift in Sources */ = {isa = PBXBuildFile; fileRef = F3621861269F457900B40CD1 /* SecureTextField.swift */; };
		F365F34726D422180041BCA9 /* TAParser.swift in Sources */ = {isa = PBXBuildFile; fileRef = F365F34626D422180041BCA9 /* TAParser.swift */; };
		F365F34926D4226B0041BCA9 /* Course.swift in Sources */ = {isa = PBXBuildFile; fileRef = F365F34826D4226B0041BCA9 /* Course.swift */; };
		F365F34D26D425350041BCA9 /* Evaluation.swift in Sources */ = {isa = PBXBuildFile; fileRef = F365F34C26D425350041BCA9 /* Evaluation.swift */; };
		F365F34F26D4253B0041BCA9 /* Section.swift in Sources */ = {isa = PBXBuildFile; fileRef = F365F34E26D4253B0041BCA9 /* Section.swift */; };
		F365F35126D4333E0041BCA9 /* String+Helpers.swift in Sources */ = {isa = PBXBuildFile; fileRef = F365F35026D4333E0041BCA9 /* String+Helpers.swift */; };
		F365F35326D483310041BCA9 /* FetchCourseResponse.swift in Sources */ = {isa = PBXBuildFile; fileRef = F365F35226D483310041BCA9 /* FetchCourseResponse.swift */; };
		F3716937266C221C00A350EB /* LoginView.swift in Sources */ = {isa = PBXBuildFile; fileRef = F3716936266C221C00A350EB /* LoginView.swift */; };
		F373B3BD26D59E000009BB1D /* TAError.swift in Sources */ = {isa = PBXBuildFile; fileRef = F373B3BC26D59E000009BB1D /* TAError.swift */; };
		F375111426D1968400C452DB /* Reachability.swift in Sources */ = {isa = PBXBuildFile; fileRef = F375111326D1968400C452DB /* Reachability.swift */; };
		F38E065B269F86CB007319AD /* LoginButtonView.swift in Sources */ = {isa = PBXBuildFile; fileRef = F38E065A269F86CB007319AD /* LoginButtonView.swift */; };
		F38E065D269F8A40007319AD /* ActivityIndicator.swift in Sources */ = {isa = PBXBuildFile; fileRef = F38E065C269F8A40007319AD /* ActivityIndicator.swift */; };
		F3B7C7E026D3FE6200FA1075 /* AuthenticationResponse.swift in Sources */ = {isa = PBXBuildFile; fileRef = F3B7C7DF26D3FE6200FA1075 /* AuthenticationResponse.swift */; };
		F3BA8C012652BB2C00B79F38 /* TeachAssistApp.swift in Sources */ = {isa = PBXBuildFile; fileRef = F3BA8C002652BB2C00B79F38 /* TeachAssistApp.swift */; };
		F3BA8C032652BB2C00B79F38 /* RootView.swift in Sources */ = {isa = PBXBuildFile; fileRef = F3BA8C022652BB2C00B79F38 /* RootView.swift */; };
		F3BA8C052652BB2E00B79F38 /* Assets.xcassets in Resources */ = {isa = PBXBuildFile; fileRef = F3BA8C042652BB2E00B79F38 /* Assets.xcassets */; };
		F3BA8C082652BB2E00B79F38 /* Preview Assets.xcassets in Resources */ = {isa = PBXBuildFile; fileRef = F3BA8C072652BB2E00B79F38 /* Preview Assets.xcassets */; };
		F3BA8C0A2652BB2E00B79F38 /* Persistence.swift in Sources */ = {isa = PBXBuildFile; fileRef = F3BA8C092652BB2E00B79F38 /* Persistence.swift */; };
		F3BA8C0D2652BB2E00B79F38 /* TeachAssist.xcdatamodeld in Sources */ = {isa = PBXBuildFile; fileRef = F3BA8C0B2652BB2E00B79F38 /* TeachAssist.xcdatamodeld */; };
		F3BA8C182652BB2E00B79F38 /* TeachAssistTests.swift in Sources */ = {isa = PBXBuildFile; fileRef = F3BA8C172652BB2E00B79F38 /* TeachAssistTests.swift */; };
		F3BA8C232652BB2E00B79F38 /* TeachAssistUITests.swift in Sources */ = {isa = PBXBuildFile; fileRef = F3BA8C222652BB2E00B79F38 /* TeachAssistUITests.swift */; };
		F3D9F4B026B8AC1200B48D08 /* TAService.swift in Sources */ = {isa = PBXBuildFile; fileRef = F3D9F4AF26B8AC1100B48D08 /* TAService.swift */; };
		F3EA7ABA26A5EA4F007FBFCF /* TextFieldView.swift in Sources */ = {isa = PBXBuildFile; fileRef = F3EA7AB926A5EA4F007FBFCF /* TextFieldView.swift */; };
/* End PBXBuildFile section */

/* Begin PBXContainerItemProxy section */
		F3BA8C142652BB2E00B79F38 /* PBXContainerItemProxy */ = {
			isa = PBXContainerItemProxy;
			containerPortal = F3BA8BF52652BB2C00B79F38 /* Project object */;
			proxyType = 1;
			remoteGlobalIDString = F3BA8BFC2652BB2C00B79F38;
			remoteInfo = TeachAssist;
		};
		F3BA8C1F2652BB2E00B79F38 /* PBXContainerItemProxy */ = {
			isa = PBXContainerItemProxy;
			containerPortal = F3BA8BF52652BB2C00B79F38 /* Project object */;
			proxyType = 1;
			remoteGlobalIDString = F3BA8BFC2652BB2C00B79F38;
			remoteInfo = TeachAssist;
		};
/* End PBXContainerItemProxy section */

/* Begin PBXFileReference section */
		0583A148131986D8313BA064 /* Pods-TeachAssist-TeachAssistUITests.debug.xcconfig */ = {isa = PBXFileReference; includeInIndex = 1; lastKnownFileType = text.xcconfig; name = "Pods-TeachAssist-TeachAssistUITests.debug.xcconfig"; path = "Target Support Files/Pods-TeachAssist-TeachAssistUITests/Pods-TeachAssist-TeachAssistUITests.debug.xcconfig"; sourceTree = "<group>"; };
		0C13CED4F7CA17D7CBB6CC00 /* Pods_TeachAssistTests.framework */ = {isa = PBXFileReference; explicitFileType = wrapper.framework; includeInIndex = 0; path = Pods_TeachAssistTests.framework; sourceTree = BUILT_PRODUCTS_DIR; };
		240BBE4389126FA234C672E6 /* Pods-TeachAssistTests.release.xcconfig */ = {isa = PBXFileReference; includeInIndex = 1; lastKnownFileType = text.xcconfig; name = "Pods-TeachAssistTests.release.xcconfig"; path = "Target Support Files/Pods-TeachAssistTests/Pods-TeachAssistTests.release.xcconfig"; sourceTree = "<group>"; };
		35BF106475FFAEA25BD8B7D3 /* Pods_TeachAssist.framework */ = {isa = PBXFileReference; explicitFileType = wrapper.framework; includeInIndex = 0; path = Pods_TeachAssist.framework; sourceTree = BUILT_PRODUCTS_DIR; };
		4FC67F84F5065F1550038251 /* Pods-TeachAssist.release.xcconfig */ = {isa = PBXFileReference; includeInIndex = 1; lastKnownFileType = text.xcconfig; name = "Pods-TeachAssist.release.xcconfig"; path = "Target Support Files/Pods-TeachAssist/Pods-TeachAssist.release.xcconfig"; sourceTree = "<group>"; };
		8084A35F71D9115350B9B5B9 /* Pods-TeachAssist-TeachAssistUITests.release.xcconfig */ = {isa = PBXFileReference; includeInIndex = 1; lastKnownFileType = text.xcconfig; name = "Pods-TeachAssist-TeachAssistUITests.release.xcconfig"; path = "Target Support Files/Pods-TeachAssist-TeachAssistUITests/Pods-TeachAssist-TeachAssistUITests.release.xcconfig"; sourceTree = "<group>"; };
		9681D7142652DE6C003F7E31 /* UserState.swift */ = {isa = PBXFileReference; lastKnownFileType = sourcecode.swift; path = UserState.swift; sourceTree = "<group>"; };
		C2B7368D27F299DA1C60004D /* Pods_TeachAssist_TeachAssistUITests.framework */ = {isa = PBXFileReference; explicitFileType = wrapper.framework; includeInIndex = 0; path = Pods_TeachAssist_TeachAssistUITests.framework; sourceTree = BUILT_PRODUCTS_DIR; };
		CE54CC16644B267F2EF6A4F9 /* Pods-TeachAssist.debug.xcconfig */ = {isa = PBXFileReference; includeInIndex = 1; lastKnownFileType = text.xcconfig; name = "Pods-TeachAssist.debug.xcconfig"; path = "Target Support Files/Pods-TeachAssist/Pods-TeachAssist.debug.xcconfig"; sourceTree = "<group>"; };
		DF410B31EF8289123691D060 /* Pods-TeachAssistTests.debug.xcconfig */ = {isa = PBXFileReference; includeInIndex = 1; lastKnownFileType = text.xcconfig; name = "Pods-TeachAssistTests.debug.xcconfig"; path = "Target Support Files/Pods-TeachAssistTests/Pods-TeachAssistTests.debug.xcconfig"; sourceTree = "<group>"; };
		F324C147266B18F000DD8BE1 /* LaunchView.swift */ = {isa = PBXFileReference; lastKnownFileType = sourcecode.swift; path = LaunchView.swift; sourceTree = "<group>"; };
		F32532992669175B006480DA /* TAConstants.swift */ = {isa = PBXFileReference; lastKnownFileType = sourcecode.swift; path = TAConstants.swift; sourceTree = "<group>"; };
		F32C28BE26E3CC5D00F3F396 /* EvaluationView.swift */ = {isa = PBXFileReference; lastKnownFileType = sourcecode.swift; path = EvaluationView.swift; sourceTree = "<group>"; };
		F32C28C026E42C9F00F3F396 /* AddEvaluationButtonView.swift */ = {isa = PBXFileReference; lastKnownFileType = sourcecode.swift; path = AddEvaluationButtonView.swift; sourceTree = "<group>"; };
		F32C28C326E44B7200F3F396 /* AddEvaluationView.swift */ = {isa = PBXFileReference; lastKnownFileType = sourcecode.swift; path = AddEvaluationView.swift; sourceTree = "<group>"; };
		F32C28C526E476EE00F3F396 /* EditEvaluationView.swift */ = {isa = PBXFileReference; lastKnownFileType = sourcecode.swift; path = EditEvaluationView.swift; sourceTree = "<group>"; };
		F32C28C726E511DC00F3F396 /* BreakdownView.swift */ = {isa = PBXFileReference; lastKnownFileType = sourcecode.swift; path = BreakdownView.swift; sourceTree = "<group>"; };
		F32C28CF26E52B8200F3F396 /* Path+QuadCurve.swift */ = {isa = PBXFileReference; fileEncoding = 4; lastKnownFileType = sourcecode.swift; path = "Path+QuadCurve.swift"; sourceTree = "<group>"; };
		F32C28D026E52B8200F3F396 /* IndicatorPoint.swift */ = {isa = PBXFileReference; fileEncoding = 4; lastKnownFileType = sourcecode.swift; path = IndicatorPoint.swift; sourceTree = "<group>"; };
		F32C28D126E52B8200F3F396 /* LineChartViewSwiftUI.swift */ = {isa = PBXFileReference; fileEncoding = 4; lastKnownFileType = sourcecode.swift; path = LineChartViewSwiftUI.swift; sourceTree = "<group>"; };
		F32C28D226E52B8200F3F396 /* Helpers.swift */ = {isa = PBXFileReference; fileEncoding = 4; lastKnownFileType = sourcecode.swift; path = Helpers.swift; sourceTree = "<group>"; };
		F32C28D326E52B8200F3F396 /* MagnifierRect.swift */ = {isa = PBXFileReference; fileEncoding = 4; lastKnownFileType = sourcecode.swift; path = MagnifierRect.swift; sourceTree = "<group>"; };
		F32C28D426E52B8300F3F396 /* Legend.swift */ = {isa = PBXFileReference; fileEncoding = 4; lastKnownFileType = sourcecode.swift; path = Legend.swift; sourceTree = "<group>"; };
		F32C28D526E52B8300F3F396 /* Line.swift */ = {isa = PBXFileReference; fileEncoding = 4; lastKnownFileType = sourcecode.swift; path = Line.swift; sourceTree = "<group>"; };
		F32C28D626E52B8300F3F396 /* MultiLineChartView.swift */ = {isa = PBXFileReference; fileEncoding = 4; lastKnownFileType = sourcecode.swift; path = MultiLineChartView.swift; sourceTree = "<group>"; };
		F32C28D726E52B8300F3F396 /* LineView.swift */ = {isa = PBXFileReference; fileEncoding = 4; lastKnownFileType = sourcecode.swift; path = LineView.swift; sourceTree = "<group>"; };
		F32C28E126E52CC900F3F396 /* TrendView.swift */ = {isa = PBXFileReference; fileEncoding = 4; lastKnownFileType = sourcecode.swift; name = TrendView.swift; path = TeachAssist/Views/CourseViews/TrendView.swift; sourceTree = SOURCE_ROOT; };
		F32C28E326E5817100F3F396 /* LinksView.swift */ = {isa = PBXFileReference; lastKnownFileType = sourcecode.swift; path = LinksView.swift; sourceTree = "<group>"; };
		F32C28E626E5834A00F3F396 /* MenuButtonView.swift */ = {isa = PBXFileReference; lastKnownFileType = sourcecode.swift; path = MenuButtonView.swift; sourceTree = "<group>"; };
		F32C28E826E5A37400F3F396 /* WebsiteView.swift */ = {isa = PBXFileReference; lastKnownFileType = sourcecode.swift; path = WebsiteView.swift; sourceTree = "<group>"; };
		F32C28EA26E5B15100F3F396 /* SettingsView.swift */ = {isa = PBXFileReference; lastKnownFileType = sourcecode.swift; path = SettingsView.swift; sourceTree = "<group>"; };
		F32C28EE26E5E13300F3F396 /* AboutView.swift */ = {isa = PBXFileReference; lastKnownFileType = sourcecode.swift; path = AboutView.swift; sourceTree = "<group>"; };
		F32C28F226E6768900F3F396 /* Demo.swift */ = {isa = PBXFileReference; lastKnownFileType = sourcecode.swift; path = Demo.swift; sourceTree = "<group>"; };
		F33E7A7126D6CD6E007819B7 /* MainView.swift */ = {isa = PBXFileReference; lastKnownFileType = sourcecode.swift; path = MainView.swift; sourceTree = "<group>"; };
		F34E825826DD964500AC8314 /* RefreshControl.swift */ = {isa = PBXFileReference; lastKnownFileType = sourcecode.swift; path = RefreshControl.swift; sourceTree = "<group>"; };
		F34E826026DD9EC700AC8314 /* RingView.swift */ = {isa = PBXFileReference; lastKnownFileType = sourcecode.swift; path = RingView.swift; sourceTree = "<group>"; };
		F34E826226E152D800AC8314 /* SmallButtonView.swift */ = {isa = PBXFileReference; lastKnownFileType = sourcecode.swift; path = SmallButtonView.swift; sourceTree = "<group>"; };
		F34E826826E2719100AC8314 /* CourseCellView.swift */ = {isa = PBXFileReference; lastKnownFileType = sourcecode.swift; path = CourseCellView.swift; sourceTree = "<group>"; };
		F34E826A26E2791200AC8314 /* ProgressBarView.swift */ = {isa = PBXFileReference; lastKnownFileType = sourcecode.swift; path = ProgressBarView.swift; sourceTree = "<group>"; };
		F34E826C26E2C32300AC8314 /* CourseView.swift */ = {isa = PBXFileReference; lastKnownFileType = sourcecode.swift; path = CourseView.swift; sourceTree = "<group>"; };
		F35023A728189BDC0020D327 /* NavigationHelper.swift */ = {isa = PBXFileReference; lastKnownFileType = sourcecode.swift; path = NavigationHelper.swift; sourceTree = "<group>"; };
		F3621861269F457900B40CD1 /* SecureTextField.swift */ = {isa = PBXFileReference; lastKnownFileType = sourcecode.swift; path = SecureTextField.swift; sourceTree = "<group>"; };
		F365F34626D422180041BCA9 /* TAParser.swift */ = {isa = PBXFileReference; lastKnownFileType = sourcecode.swift; path = TAParser.swift; sourceTree = "<group>"; };
		F365F34826D4226B0041BCA9 /* Course.swift */ = {isa = PBXFileReference; lastKnownFileType = sourcecode.swift; path = Course.swift; sourceTree = "<group>"; };
		F365F34C26D425350041BCA9 /* Evaluation.swift */ = {isa = PBXFileReference; lastKnownFileType = sourcecode.swift; path = Evaluation.swift; sourceTree = "<group>"; };
		F365F34E26D4253B0041BCA9 /* Section.swift */ = {isa = PBXFileReference; lastKnownFileType = sourcecode.swift; path = Section.swift; sourceTree = "<group>"; };
		F365F35026D4333E0041BCA9 /* String+Helpers.swift */ = {isa = PBXFileReference; lastKnownFileType = sourcecode.swift; path = "String+Helpers.swift"; sourceTree = "<group>"; };
		F365F35226D483310041BCA9 /* FetchCourseResponse.swift */ = {isa = PBXFileReference; lastKnownFileType = sourcecode.swift; path = FetchCourseResponse.swift; sourceTree = "<group>"; };
		F3716936266C221C00A350EB /* LoginView.swift */ = {isa = PBXFileReference; lastKnownFileType = sourcecode.swift; path = LoginView.swift; sourceTree = "<group>"; };
		F373B3BC26D59E000009BB1D /* TAError.swift */ = {isa = PBXFileReference; lastKnownFileType = sourcecode.swift; path = TAError.swift; sourceTree = "<group>"; };
		F375111326D1968400C452DB /* Reachability.swift */ = {isa = PBXFileReference; lastKnownFileType = sourcecode.swift; path = Reachability.swift; sourceTree = "<group>"; };
		F38E065A269F86CB007319AD /* LoginButtonView.swift */ = {isa = PBXFileReference; lastKnownFileType = sourcecode.swift; path = LoginButtonView.swift; sourceTree = "<group>"; };
		F38E065C269F8A40007319AD /* ActivityIndicator.swift */ = {isa = PBXFileReference; lastKnownFileType = sourcecode.swift; path = ActivityIndicator.swift; sourceTree = "<group>"; };
		F3B7C7DF26D3FE6200FA1075 /* AuthenticationResponse.swift */ = {isa = PBXFileReference; lastKnownFileType = sourcecode.swift; path = AuthenticationResponse.swift; sourceTree = "<group>"; };
		F3BA8BFD2652BB2C00B79F38 /* TeachAssist.app */ = {isa = PBXFileReference; explicitFileType = wrapper.application; includeInIndex = 0; path = TeachAssist.app; sourceTree = BUILT_PRODUCTS_DIR; };
		F3BA8C002652BB2C00B79F38 /* TeachAssistApp.swift */ = {isa = PBXFileReference; lastKnownFileType = sourcecode.swift; path = TeachAssistApp.swift; sourceTree = "<group>"; };
		F3BA8C022652BB2C00B79F38 /* RootView.swift */ = {isa = PBXFileReference; lastKnownFileType = sourcecode.swift; path = RootView.swift; sourceTree = "<group>"; };
		F3BA8C042652BB2E00B79F38 /* Assets.xcassets */ = {isa = PBXFileReference; lastKnownFileType = folder.assetcatalog; path = Assets.xcassets; sourceTree = "<group>"; };
		F3BA8C072652BB2E00B79F38 /* Preview Assets.xcassets */ = {isa = PBXFileReference; lastKnownFileType = folder.assetcatalog; path = "Preview Assets.xcassets"; sourceTree = "<group>"; };
		F3BA8C092652BB2E00B79F38 /* Persistence.swift */ = {isa = PBXFileReference; lastKnownFileType = sourcecode.swift; path = Persistence.swift; sourceTree = "<group>"; };
		F3BA8C0C2652BB2E00B79F38 /* TeachAssist.xcdatamodel */ = {isa = PBXFileReference; lastKnownFileType = wrapper.xcdatamodel; path = TeachAssist.xcdatamodel; sourceTree = "<group>"; };
		F3BA8C0E2652BB2E00B79F38 /* Info.plist */ = {isa = PBXFileReference; lastKnownFileType = text.plist.xml; path = Info.plist; sourceTree = "<group>"; };
		F3BA8C132652BB2E00B79F38 /* TeachAssistTests.xctest */ = {isa = PBXFileReference; explicitFileType = wrapper.cfbundle; includeInIndex = 0; path = TeachAssistTests.xctest; sourceTree = BUILT_PRODUCTS_DIR; };
		F3BA8C172652BB2E00B79F38 /* TeachAssistTests.swift */ = {isa = PBXFileReference; lastKnownFileType = sourcecode.swift; path = TeachAssistTests.swift; sourceTree = "<group>"; };
		F3BA8C192652BB2E00B79F38 /* Info.plist */ = {isa = PBXFileReference; lastKnownFileType = text.plist.xml; path = Info.plist; sourceTree = "<group>"; };
		F3BA8C1E2652BB2E00B79F38 /* TeachAssistUITests.xctest */ = {isa = PBXFileReference; explicitFileType = wrapper.cfbundle; includeInIndex = 0; path = TeachAssistUITests.xctest; sourceTree = BUILT_PRODUCTS_DIR; };
		F3BA8C222652BB2E00B79F38 /* TeachAssistUITests.swift */ = {isa = PBXFileReference; lastKnownFileType = sourcecode.swift; path = TeachAssistUITests.swift; sourceTree = "<group>"; };
		F3BA8C242652BB2E00B79F38 /* Info.plist */ = {isa = PBXFileReference; lastKnownFileType = text.plist.xml; path = Info.plist; sourceTree = "<group>"; };
		F3D9F4AF26B8AC1100B48D08 /* TAService.swift */ = {isa = PBXFileReference; lastKnownFileType = sourcecode.swift; path = TAService.swift; sourceTree = "<group>"; };
		F3EA7AB926A5EA4F007FBFCF /* TextFieldView.swift */ = {isa = PBXFileReference; lastKnownFileType = sourcecode.swift; path = TextFieldView.swift; sourceTree = "<group>"; };
/* End PBXFileReference section */

/* Begin PBXFrameworksBuildPhase section */
		F3BA8BFA2652BB2C00B79F38 /* Frameworks */ = {
			isa = PBXFrameworksBuildPhase;
			buildActionMask = 2147483647;
			files = (
				CD8BC9889167B27DC3198026 /* Pods_TeachAssist.framework in Frameworks */,
			);
			runOnlyForDeploymentPostprocessing = 0;
		};
		F3BA8C102652BB2E00B79F38 /* Frameworks */ = {
			isa = PBXFrameworksBuildPhase;
			buildActionMask = 2147483647;
			files = (
				9D0CA4FF3CD821B7A4078D44 /* Pods_TeachAssistTests.framework in Frameworks */,
			);
			runOnlyForDeploymentPostprocessing = 0;
		};
		F3BA8C1B2652BB2E00B79F38 /* Frameworks */ = {
			isa = PBXFrameworksBuildPhase;
			buildActionMask = 2147483647;
			files = (
				E4A88A848F875A3B2DF96A5B /* Pods_TeachAssist_TeachAssistUITests.framework in Frameworks */,
			);
			runOnlyForDeploymentPostprocessing = 0;
		};
/* End PBXFrameworksBuildPhase section */

/* Begin PBXGroup section */
		27832BC2FEF86ABADAC9A188 /* Pods */ = {
			isa = PBXGroup;
			children = (
				CE54CC16644B267F2EF6A4F9 /* Pods-TeachAssist.debug.xcconfig */,
				4FC67F84F5065F1550038251 /* Pods-TeachAssist.release.xcconfig */,
				0583A148131986D8313BA064 /* Pods-TeachAssist-TeachAssistUITests.debug.xcconfig */,
				8084A35F71D9115350B9B5B9 /* Pods-TeachAssist-TeachAssistUITests.release.xcconfig */,
				DF410B31EF8289123691D060 /* Pods-TeachAssistTests.debug.xcconfig */,
				240BBE4389126FA234C672E6 /* Pods-TeachAssistTests.release.xcconfig */,
			);
			path = Pods;
			sourceTree = "<group>";
		};
		63783BA533978CA93A195896 /* Frameworks */ = {
			isa = PBXGroup;
			children = (
				35BF106475FFAEA25BD8B7D3 /* Pods_TeachAssist.framework */,
				C2B7368D27F299DA1C60004D /* Pods_TeachAssist_TeachAssistUITests.framework */,
				0C13CED4F7CA17D7CBB6CC00 /* Pods_TeachAssistTests.framework */,
			);
			name = Frameworks;
			sourceTree = "<group>";
		};
		F324C146266B187200DD8BE1 /* Views */ = {
			isa = PBXGroup;
			children = (
				F34E826726E2718000AC8314 /* CourseViews */,
				F32C28E526E5817B00F3F396 /* MenuViews */,
				F3716935266C220700A350EB /* ComponentViews */,
				F3BA8C022652BB2C00B79F38 /* RootView.swift */,
				F324C147266B18F000DD8BE1 /* LaunchView.swift */,
				F3716936266C221C00A350EB /* LoginView.swift */,
				F33E7A7126D6CD6E007819B7 /* MainView.swift */,
			);
			path = Views;
			sourceTree = "<group>";
		};
		F324C14B266B1B8000DD8BE1 /* Assets */ = {
			isa = PBXGroup;
			children = (
				F3BA8C042652BB2E00B79F38 /* Assets.xcassets */,
			);
			path = Assets;
			sourceTree = "<group>";
		};
		F32C28C226E44B5B00F3F396 /* EvaluationViews */ = {
			isa = PBXGroup;
			children = (
				F32C28E126E52CC900F3F396 /* TrendView.swift */,
				F32C28BE26E3CC5D00F3F396 /* EvaluationView.swift */,
				F32C28C326E44B7200F3F396 /* AddEvaluationView.swift */,
				F32C28C526E476EE00F3F396 /* EditEvaluationView.swift */,
			);
			path = EvaluationViews;
			sourceTree = "<group>";
		};
		F32C28CE26E52B6500F3F396 /* Charts */ = {
			isa = PBXGroup;
			children = (
				F32C28D226E52B8200F3F396 /* Helpers.swift */,
				F32C28D026E52B8200F3F396 /* IndicatorPoint.swift */,
				F32C28D426E52B8300F3F396 /* Legend.swift */,
				F32C28D526E52B8300F3F396 /* Line.swift */,
				F32C28D126E52B8200F3F396 /* LineChartViewSwiftUI.swift */,
				F32C28D726E52B8300F3F396 /* LineView.swift */,
				F32C28D326E52B8200F3F396 /* MagnifierRect.swift */,
				F32C28D626E52B8300F3F396 /* MultiLineChartView.swift */,
				F32C28CF26E52B8200F3F396 /* Path+QuadCurve.swift */,
			);
			path = Charts;
			sourceTree = "<group>";
		};
		F32C28E526E5817B00F3F396 /* MenuViews */ = {
			isa = PBXGroup;
			children = (
				F32C28EC26E5E10700F3F396 /* LinksViews */,
				F32C28ED26E5E11C00F3F396 /* SettingsViews */,
			);
			path = MenuViews;
			sourceTree = "<group>";
		};
		F32C28EC26E5E10700F3F396 /* LinksViews */ = {
			isa = PBXGroup;
			children = (
				F32C28E326E5817100F3F396 /* LinksView.swift */,
				F32C28E826E5A37400F3F396 /* WebsiteView.swift */,
			);
			path = LinksViews;
			sourceTree = "<group>";
		};
		F32C28ED26E5E11C00F3F396 /* SettingsViews */ = {
			isa = PBXGroup;
			children = (
				F32C28EA26E5B15100F3F396 /* SettingsView.swift */,
				F32C28EE26E5E13300F3F396 /* AboutView.swift */,
			);
			path = SettingsViews;
			sourceTree = "<group>";
		};
		F34E825A26DD98BD00AC8314 /* Networking */ = {
			isa = PBXGroup;
			children = (
				F3D9F4AF26B8AC1100B48D08 /* TAService.swift */,
				F373B3BC26D59E000009BB1D /* TAError.swift */,
				F3B7C7DF26D3FE6200FA1075 /* AuthenticationResponse.swift */,
				F365F35226D483310041BCA9 /* FetchCourseResponse.swift */,
			);
			path = Networking;
			sourceTree = "<group>";
		};
		F34E825B26DD995200AC8314 /* Data */ = {
			isa = PBXGroup;
			children = (
				F34E825C26DD998400AC8314 /* Persistence */,
				F365F34626D422180041BCA9 /* TAParser.swift */,
			);
			path = Data;
			sourceTree = "<group>";
		};
		F34E825C26DD998400AC8314 /* Persistence */ = {
			isa = PBXGroup;
			children = (
				F3BA8C092652BB2E00B79F38 /* Persistence.swift */,
				F3BA8C0B2652BB2E00B79F38 /* TeachAssist.xcdatamodeld */,
			);
			path = Persistence;
			sourceTree = "<group>";
		};
		F34E825D26DD999A00AC8314 /* Utility */ = {
			isa = PBXGroup;
			children = (
				F32532992669175B006480DA /* TAConstants.swift */,
				F365F35026D4333E0041BCA9 /* String+Helpers.swift */,
				F375111326D1968400C452DB /* Reachability.swift */,
				F32C28F226E6768900F3F396 /* Demo.swift */,
				F35023A728189BDC0020D327 /* NavigationHelper.swift */,
			);
			path = Utility;
			sourceTree = "<group>";
		};
		F34E826726E2718000AC8314 /* CourseViews */ = {
			isa = PBXGroup;
			children = (
				F32C28C226E44B5B00F3F396 /* EvaluationViews */,
				F32C28C726E511DC00F3F396 /* BreakdownView.swift */,
				F34E826C26E2C32300AC8314 /* CourseView.swift */,
				F34E826826E2719100AC8314 /* CourseCellView.swift */,
			);
			path = CourseViews;
			sourceTree = "<group>";
		};
		F365F34A26D4250A0041BCA9 /* Models */ = {
			isa = PBXGroup;
			children = (
				9681D7142652DE6C003F7E31 /* UserState.swift */,
				F365F34826D4226B0041BCA9 /* Course.swift */,
				F365F34C26D425350041BCA9 /* Evaluation.swift */,
				F365F34E26D4253B0041BCA9 /* Section.swift */,
			);
			path = Models;
			sourceTree = "<group>";
		};
		F3716935266C220700A350EB /* ComponentViews */ = {
			isa = PBXGroup;
			children = (
				F32C28C026E42C9F00F3F396 /* AddEvaluationButtonView.swift */,
				F32C28E626E5834A00F3F396 /* MenuButtonView.swift */,
				F38E065A269F86CB007319AD /* LoginButtonView.swift */,
				F34E826226E152D800AC8314 /* SmallButtonView.swift */,
				F3EA7AB926A5EA4F007FBFCF /* TextFieldView.swift */,
				F34E826026DD9EC700AC8314 /* RingView.swift */,
				F3EA7ABB26A5EA72007FBFCF /* Components */,
				F34E826A26E2791200AC8314 /* ProgressBarView.swift */,
			);
			path = ComponentViews;
			sourceTree = "<group>";
		};
		F3BA8BF42652BB2C00B79F38 = {
			isa = PBXGroup;
			children = (
				F3BA8BFF2652BB2C00B79F38 /* TeachAssist */,
				F3BA8C162652BB2E00B79F38 /* TeachAssistTests */,
				F3BA8C212652BB2E00B79F38 /* TeachAssistUITests */,
				F3BA8BFE2652BB2C00B79F38 /* Products */,
				27832BC2FEF86ABADAC9A188 /* Pods */,
				63783BA533978CA93A195896 /* Frameworks */,
			);
			sourceTree = "<group>";
		};
		F3BA8BFE2652BB2C00B79F38 /* Products */ = {
			isa = PBXGroup;
			children = (
				F3BA8BFD2652BB2C00B79F38 /* TeachAssist.app */,
				F3BA8C132652BB2E00B79F38 /* TeachAssistTests.xctest */,
				F3BA8C1E2652BB2E00B79F38 /* TeachAssistUITests.xctest */,
			);
			name = Products;
			sourceTree = "<group>";
		};
		F3BA8BFF2652BB2C00B79F38 /* TeachAssist */ = {
			isa = PBXGroup;
			children = (
				F3BA8C002652BB2C00B79F38 /* TeachAssistApp.swift */,
				F324C146266B187200DD8BE1 /* Views */,
				F365F34A26D4250A0041BCA9 /* Models */,
				F34E825A26DD98BD00AC8314 /* Networking */,
				F34E825B26DD995200AC8314 /* Data */,
				F34E825D26DD999A00AC8314 /* Utility */,
				F324C14B266B1B8000DD8BE1 /* Assets */,
				F3BA8C062652BB2E00B79F38 /* Preview Content */,
				F3BA8C0E2652BB2E00B79F38 /* Info.plist */,
			);
			path = TeachAssist;
			sourceTree = "<group>";
		};
		F3BA8C062652BB2E00B79F38 /* Preview Content */ = {
			isa = PBXGroup;
			children = (
				F3BA8C072652BB2E00B79F38 /* Preview Assets.xcassets */,
			);
			path = "Preview Content";
			sourceTree = "<group>";
		};
		F3BA8C162652BB2E00B79F38 /* TeachAssistTests */ = {
			isa = PBXGroup;
			children = (
				F3BA8C172652BB2E00B79F38 /* TeachAssistTests.swift */,
				F3BA8C192652BB2E00B79F38 /* Info.plist */,
			);
			path = TeachAssistTests;
			sourceTree = "<group>";
		};
		F3BA8C212652BB2E00B79F38 /* TeachAssistUITests */ = {
			isa = PBXGroup;
			children = (
				F3BA8C222652BB2E00B79F38 /* TeachAssistUITests.swift */,
				F3BA8C242652BB2E00B79F38 /* Info.plist */,
			);
			path = TeachAssistUITests;
			sourceTree = "<group>";
		};
		F3EA7ABB26A5EA72007FBFCF /* Components */ = {
			isa = PBXGroup;
			children = (
				F32C28CE26E52B6500F3F396 /* Charts */,
				F3621861269F457900B40CD1 /* SecureTextField.swift */,
				F38E065C269F8A40007319AD /* ActivityIndicator.swift */,
				F34E825826DD964500AC8314 /* RefreshControl.swift */,
			);
			path = Components;
			sourceTree = "<group>";
		};
/* End PBXGroup section */

/* Begin PBXNativeTarget section */
		F3BA8BFC2652BB2C00B79F38 /* TeachAssist */ = {
			isa = PBXNativeTarget;
			buildConfigurationList = F3BA8C272652BB2E00B79F38 /* Build configuration list for PBXNativeTarget "TeachAssist" */;
			buildPhases = (
				5E10B8DA5B8E0D3265BC238A /* [CP] Check Pods Manifest.lock */,
				F3BA8BF92652BB2C00B79F38 /* Sources */,
				F3BA8BFA2652BB2C00B79F38 /* Frameworks */,
				F3BA8BFB2652BB2C00B79F38 /* Resources */,
				84930F929456A07B2422FBDD /* [CP] Embed Pods Frameworks */,
			);
			buildRules = (
			);
			dependencies = (
			);
			name = TeachAssist;
			productName = TeachAssist;
			productReference = F3BA8BFD2652BB2C00B79F38 /* TeachAssist.app */;
			productType = "com.apple.product-type.application";
		};
		F3BA8C122652BB2E00B79F38 /* TeachAssistTests */ = {
			isa = PBXNativeTarget;
			buildConfigurationList = F3BA8C2A2652BB2E00B79F38 /* Build configuration list for PBXNativeTarget "TeachAssistTests" */;
			buildPhases = (
				8EB711705116DF3EAC79F835 /* [CP] Check Pods Manifest.lock */,
				F3BA8C0F2652BB2E00B79F38 /* Sources */,
				F3BA8C102652BB2E00B79F38 /* Frameworks */,
				F3BA8C112652BB2E00B79F38 /* Resources */,
			);
			buildRules = (
			);
			dependencies = (
				F3BA8C152652BB2E00B79F38 /* PBXTargetDependency */,
			);
			name = TeachAssistTests;
			productName = TeachAssistTests;
			productReference = F3BA8C132652BB2E00B79F38 /* TeachAssistTests.xctest */;
			productType = "com.apple.product-type.bundle.unit-test";
		};
		F3BA8C1D2652BB2E00B79F38 /* TeachAssistUITests */ = {
			isa = PBXNativeTarget;
			buildConfigurationList = F3BA8C2D2652BB2E00B79F38 /* Build configuration list for PBXNativeTarget "TeachAssistUITests" */;
			buildPhases = (
				2AC37B00CFE85E04D4391B5B /* [CP] Check Pods Manifest.lock */,
				F3BA8C1A2652BB2E00B79F38 /* Sources */,
				F3BA8C1B2652BB2E00B79F38 /* Frameworks */,
				F3BA8C1C2652BB2E00B79F38 /* Resources */,
				6FA7CDEBCDB35A655EE6D23D /* [CP] Embed Pods Frameworks */,
			);
			buildRules = (
			);
			dependencies = (
				F3BA8C202652BB2E00B79F38 /* PBXTargetDependency */,
			);
			name = TeachAssistUITests;
			productName = TeachAssistUITests;
			productReference = F3BA8C1E2652BB2E00B79F38 /* TeachAssistUITests.xctest */;
			productType = "com.apple.product-type.bundle.ui-testing";
		};
/* End PBXNativeTarget section */

/* Begin PBXProject section */
		F3BA8BF52652BB2C00B79F38 /* Project object */ = {
			isa = PBXProject;
			attributes = {
				LastSwiftUpdateCheck = 1250;
				LastUpgradeCheck = 1250;
				TargetAttributes = {
					F3BA8BFC2652BB2C00B79F38 = {
						CreatedOnToolsVersion = 12.5;
					};
					F3BA8C122652BB2E00B79F38 = {
						CreatedOnToolsVersion = 12.5;
						TestTargetID = F3BA8BFC2652BB2C00B79F38;
					};
					F3BA8C1D2652BB2E00B79F38 = {
						CreatedOnToolsVersion = 12.5;
						TestTargetID = F3BA8BFC2652BB2C00B79F38;
					};
				};
			};
			buildConfigurationList = F3BA8BF82652BB2C00B79F38 /* Build configuration list for PBXProject "TeachAssist" */;
			compatibilityVersion = "Xcode 9.3";
			developmentRegion = en;
			hasScannedForEncodings = 0;
			knownRegions = (
				en,
				Base,
			);
			mainGroup = F3BA8BF42652BB2C00B79F38;
			productRefGroup = F3BA8BFE2652BB2C00B79F38 /* Products */;
			projectDirPath = "";
			projectRoot = "";
			targets = (
				F3BA8BFC2652BB2C00B79F38 /* TeachAssist */,
				F3BA8C122652BB2E00B79F38 /* TeachAssistTests */,
				F3BA8C1D2652BB2E00B79F38 /* TeachAssistUITests */,
			);
		};
/* End PBXProject section */

/* Begin PBXResourcesBuildPhase section */
		F3BA8BFB2652BB2C00B79F38 /* Resources */ = {
			isa = PBXResourcesBuildPhase;
			buildActionMask = 2147483647;
			files = (
				F3BA8C082652BB2E00B79F38 /* Preview Assets.xcassets in Resources */,
				F3BA8C052652BB2E00B79F38 /* Assets.xcassets in Resources */,
			);
			runOnlyForDeploymentPostprocessing = 0;
		};
		F3BA8C112652BB2E00B79F38 /* Resources */ = {
			isa = PBXResourcesBuildPhase;
			buildActionMask = 2147483647;
			files = (
			);
			runOnlyForDeploymentPostprocessing = 0;
		};
		F3BA8C1C2652BB2E00B79F38 /* Resources */ = {
			isa = PBXResourcesBuildPhase;
			buildActionMask = 2147483647;
			files = (
			);
			runOnlyForDeploymentPostprocessing = 0;
		};
/* End PBXResourcesBuildPhase section */

/* Begin PBXShellScriptBuildPhase section */
		2AC37B00CFE85E04D4391B5B /* [CP] Check Pods Manifest.lock */ = {
			isa = PBXShellScriptBuildPhase;
			buildActionMask = 2147483647;
			files = (
			);
			inputFileListPaths = (
			);
			inputPaths = (
				"${PODS_PODFILE_DIR_PATH}/Podfile.lock",
				"${PODS_ROOT}/Manifest.lock",
			);
			name = "[CP] Check Pods Manifest.lock";
			outputFileListPaths = (
			);
			outputPaths = (
				"$(DERIVED_FILE_DIR)/Pods-TeachAssist-TeachAssistUITests-checkManifestLockResult.txt",
			);
			runOnlyForDeploymentPostprocessing = 0;
			shellPath = /bin/sh;
			shellScript = "diff \"${PODS_PODFILE_DIR_PATH}/Podfile.lock\" \"${PODS_ROOT}/Manifest.lock\" > /dev/null\nif [ $? != 0 ] ; then\n    # print error to STDERR\n    echo \"error: The sandbox is not in sync with the Podfile.lock. Run 'pod install' or update your CocoaPods installation.\" >&2\n    exit 1\nfi\n# This output is used by Xcode 'outputs' to avoid re-running this script phase.\necho \"SUCCESS\" > \"${SCRIPT_OUTPUT_FILE_0}\"\n";
			showEnvVarsInLog = 0;
		};
		5E10B8DA5B8E0D3265BC238A /* [CP] Check Pods Manifest.lock */ = {
			isa = PBXShellScriptBuildPhase;
			buildActionMask = 2147483647;
			files = (
			);
			inputFileListPaths = (
			);
			inputPaths = (
				"${PODS_PODFILE_DIR_PATH}/Podfile.lock",
				"${PODS_ROOT}/Manifest.lock",
			);
			name = "[CP] Check Pods Manifest.lock";
			outputFileListPaths = (
			);
			outputPaths = (
				"$(DERIVED_FILE_DIR)/Pods-TeachAssist-checkManifestLockResult.txt",
			);
			runOnlyForDeploymentPostprocessing = 0;
			shellPath = /bin/sh;
			shellScript = "diff \"${PODS_PODFILE_DIR_PATH}/Podfile.lock\" \"${PODS_ROOT}/Manifest.lock\" > /dev/null\nif [ $? != 0 ] ; then\n    # print error to STDERR\n    echo \"error: The sandbox is not in sync with the Podfile.lock. Run 'pod install' or update your CocoaPods installation.\" >&2\n    exit 1\nfi\n# This output is used by Xcode 'outputs' to avoid re-running this script phase.\necho \"SUCCESS\" > \"${SCRIPT_OUTPUT_FILE_0}\"\n";
			showEnvVarsInLog = 0;
		};
		6FA7CDEBCDB35A655EE6D23D /* [CP] Embed Pods Frameworks */ = {
			isa = PBXShellScriptBuildPhase;
			buildActionMask = 2147483647;
			files = (
			);
			inputFileListPaths = (
				"${PODS_ROOT}/Target Support Files/Pods-TeachAssist-TeachAssistUITests/Pods-TeachAssist-TeachAssistUITests-frameworks-${CONFIGURATION}-input-files.xcfilelist",
			);
			name = "[CP] Embed Pods Frameworks";
			outputFileListPaths = (
				"${PODS_ROOT}/Target Support Files/Pods-TeachAssist-TeachAssistUITests/Pods-TeachAssist-TeachAssistUITests-frameworks-${CONFIGURATION}-output-files.xcfilelist",
			);
			runOnlyForDeploymentPostprocessing = 0;
			shellPath = /bin/sh;
			shellScript = "\"${PODS_ROOT}/Target Support Files/Pods-TeachAssist-TeachAssistUITests/Pods-TeachAssist-TeachAssistUITests-frameworks.sh\"\n";
			showEnvVarsInLog = 0;
		};
		84930F929456A07B2422FBDD /* [CP] Embed Pods Frameworks */ = {
			isa = PBXShellScriptBuildPhase;
			buildActionMask = 2147483647;
			files = (
			);
			inputFileListPaths = (
				"${PODS_ROOT}/Target Support Files/Pods-TeachAssist/Pods-TeachAssist-frameworks-${CONFIGURATION}-input-files.xcfilelist",
			);
			name = "[CP] Embed Pods Frameworks";
			outputFileListPaths = (
				"${PODS_ROOT}/Target Support Files/Pods-TeachAssist/Pods-TeachAssist-frameworks-${CONFIGURATION}-output-files.xcfilelist",
			);
			runOnlyForDeploymentPostprocessing = 0;
			shellPath = /bin/sh;
			shellScript = "\"${PODS_ROOT}/Target Support Files/Pods-TeachAssist/Pods-TeachAssist-frameworks.sh\"\n";
			showEnvVarsInLog = 0;
		};
		8EB711705116DF3EAC79F835 /* [CP] Check Pods Manifest.lock */ = {
			isa = PBXShellScriptBuildPhase;
			buildActionMask = 2147483647;
			files = (
			);
			inputFileListPaths = (
			);
			inputPaths = (
				"${PODS_PODFILE_DIR_PATH}/Podfile.lock",
				"${PODS_ROOT}/Manifest.lock",
			);
			name = "[CP] Check Pods Manifest.lock";
			outputFileListPaths = (
			);
			outputPaths = (
				"$(DERIVED_FILE_DIR)/Pods-TeachAssistTests-checkManifestLockResult.txt",
			);
			runOnlyForDeploymentPostprocessing = 0;
			shellPath = /bin/sh;
			shellScript = "diff \"${PODS_PODFILE_DIR_PATH}/Podfile.lock\" \"${PODS_ROOT}/Manifest.lock\" > /dev/null\nif [ $? != 0 ] ; then\n    # print error to STDERR\n    echo \"error: The sandbox is not in sync with the Podfile.lock. Run 'pod install' or update your CocoaPods installation.\" >&2\n    exit 1\nfi\n# This output is used by Xcode 'outputs' to avoid re-running this script phase.\necho \"SUCCESS\" > \"${SCRIPT_OUTPUT_FILE_0}\"\n";
			showEnvVarsInLog = 0;
		};
/* End PBXShellScriptBuildPhase section */

/* Begin PBXSourcesBuildPhase section */
		F3BA8BF92652BB2C00B79F38 /* Sources */ = {
			isa = PBXSourcesBuildPhase;
			buildActionMask = 2147483647;
			files = (
				F32C28E026E52B8300F3F396 /* LineView.swift in Sources */,
				F32C28DE26E52B8300F3F396 /* Line.swift in Sources */,
				F365F35126D4333E0041BCA9 /* String+Helpers.swift in Sources */,
				F32C28DB26E52B8300F3F396 /* Helpers.swift in Sources */,
				F375111426D1968400C452DB /* Reachability.swift in Sources */,
				F32C28D926E52B8300F3F396 /* IndicatorPoint.swift in Sources */,
				F3BA8C0D2652BB2E00B79F38 /* TeachAssist.xcdatamodeld in Sources */,
				F32C28E426E5817100F3F396 /* LinksView.swift in Sources */,
				9681D7152652DE6C003F7E31 /* UserState.swift in Sources */,
				F32C28EB26E5B15100F3F396 /* SettingsView.swift in Sources */,
				F32C28DD26E52B8300F3F396 /* Legend.swift in Sources */,
				F3EA7ABA26A5EA4F007FBFCF /* TextFieldView.swift in Sources */,
				F325329A2669175B006480DA /* TAConstants.swift in Sources */,
				F35023A828189BDC0020D327 /* NavigationHelper.swift in Sources */,
				F32C28C826E511DC00F3F396 /* BreakdownView.swift in Sources */,
				F365F34926D4226B0041BCA9 /* Course.swift in Sources */,
				F373B3BD26D59E000009BB1D /* TAError.swift in Sources */,
				F32C28F326E6768900F3F396 /* Demo.swift in Sources */,
				F365F34F26D4253B0041BCA9 /* Section.swift in Sources */,
				F34E826926E2719100AC8314 /* CourseCellView.swift in Sources */,
				F34E825926DD964500AC8314 /* RefreshControl.swift in Sources */,
				F32C28C126E42C9F00F3F396 /* AddEvaluationButtonView.swift in Sources */,
				F32C28E226E52CC900F3F396 /* TrendView.swift in Sources */,
				F3621862269F457900B40CD1 /* SecureTextField.swift in Sources */,
				F324C148266B18F000DD8BE1 /* LaunchView.swift in Sources */,
				F34E826B26E2791200AC8314 /* ProgressBarView.swift in Sources */,
				F32C28BF26E3CC5D00F3F396 /* EvaluationView.swift in Sources */,
				F32C28E926E5A37400F3F396 /* WebsiteView.swift in Sources */,
				F32C28E726E5834A00F3F396 /* MenuButtonView.swift in Sources */,
				F34E826326E152D800AC8314 /* SmallButtonView.swift in Sources */,
				F38E065D269F8A40007319AD /* ActivityIndicator.swift in Sources */,
				F365F34D26D425350041BCA9 /* Evaluation.swift in Sources */,
				F3BA8C0A2652BB2E00B79F38 /* Persistence.swift in Sources */,
				F3D9F4B026B8AC1200B48D08 /* TAService.swift in Sources */,
				F38E065B269F86CB007319AD /* LoginButtonView.swift in Sources */,
				F365F35326D483310041BCA9 /* FetchCourseResponse.swift in Sources */,
				F365F34726D422180041BCA9 /* TAParser.swift in Sources */,
				F32C28DC26E52B8300F3F396 /* MagnifierRect.swift in Sources */,
				F32C28D826E52B8300F3F396 /* Path+QuadCurve.swift in Sources */,
				F32C28DF26E52B8300F3F396 /* MultiLineChartView.swift in Sources */,
				F3BA8C032652BB2C00B79F38 /* RootView.swift in Sources */,
				F32C28DA26E52B8300F3F396 /* LineChartViewSwiftUI.swift in Sources */,
				F34E826D26E2C32300AC8314 /* CourseView.swift in Sources */,
				F34E826126DD9EC700AC8314 /* RingView.swift in Sources */,
				F32C28C426E44B7200F3F396 /* AddEvaluationView.swift in Sources */,
				F32C28EF26E5E13300F3F396 /* AboutView.swift in Sources */,
				F33E7A7226D6CD6E007819B7 /* MainView.swift in Sources */,
				F3716937266C221C00A350EB /* LoginView.swift in Sources */,
				F3B7C7E026D3FE6200FA1075 /* AuthenticationResponse.swift in Sources */,
				F32C28C626E476EE00F3F396 /* EditEvaluationView.swift in Sources */,
				F3BA8C012652BB2C00B79F38 /* TeachAssistApp.swift in Sources */,
			);
			runOnlyForDeploymentPostprocessing = 0;
		};
		F3BA8C0F2652BB2E00B79F38 /* Sources */ = {
			isa = PBXSourcesBuildPhase;
			buildActionMask = 2147483647;
			files = (
				F3BA8C182652BB2E00B79F38 /* TeachAssistTests.swift in Sources */,
			);
			runOnlyForDeploymentPostprocessing = 0;
		};
		F3BA8C1A2652BB2E00B79F38 /* Sources */ = {
			isa = PBXSourcesBuildPhase;
			buildActionMask = 2147483647;
			files = (
				F3BA8C232652BB2E00B79F38 /* TeachAssistUITests.swift in Sources */,
			);
			runOnlyForDeploymentPostprocessing = 0;
		};
/* End PBXSourcesBuildPhase section */

/* Begin PBXTargetDependency section */
		F3BA8C152652BB2E00B79F38 /* PBXTargetDependency */ = {
			isa = PBXTargetDependency;
			target = F3BA8BFC2652BB2C00B79F38 /* TeachAssist */;
			targetProxy = F3BA8C142652BB2E00B79F38 /* PBXContainerItemProxy */;
		};
		F3BA8C202652BB2E00B79F38 /* PBXTargetDependency */ = {
			isa = PBXTargetDependency;
			target = F3BA8BFC2652BB2C00B79F38 /* TeachAssist */;
			targetProxy = F3BA8C1F2652BB2E00B79F38 /* PBXContainerItemProxy */;
		};
/* End PBXTargetDependency section */

/* Begin XCBuildConfiguration section */
		F3BA8C252652BB2E00B79F38 /* Debug */ = {
			isa = XCBuildConfiguration;
			buildSettings = {
				ALWAYS_SEARCH_USER_PATHS = NO;
				CLANG_ANALYZER_NONNULL = YES;
				CLANG_ANALYZER_NUMBER_OBJECT_CONVERSION = YES_AGGRESSIVE;
				CLANG_CXX_LANGUAGE_STANDARD = "gnu++14";
				CLANG_CXX_LIBRARY = "libc++";
				CLANG_ENABLE_MODULES = YES;
				CLANG_ENABLE_OBJC_ARC = YES;
				CLANG_ENABLE_OBJC_WEAK = YES;
				CLANG_WARN_BLOCK_CAPTURE_AUTORELEASING = YES;
				CLANG_WARN_BOOL_CONVERSION = YES;
				CLANG_WARN_COMMA = YES;
				CLANG_WARN_CONSTANT_CONVERSION = YES;
				CLANG_WARN_DEPRECATED_OBJC_IMPLEMENTATIONS = YES;
				CLANG_WARN_DIRECT_OBJC_ISA_USAGE = YES_ERROR;
				CLANG_WARN_DOCUMENTATION_COMMENTS = YES;
				CLANG_WARN_EMPTY_BODY = YES;
				CLANG_WARN_ENUM_CONVERSION = YES;
				CLANG_WARN_INFINITE_RECURSION = YES;
				CLANG_WARN_INT_CONVERSION = YES;
				CLANG_WARN_NON_LITERAL_NULL_CONVERSION = YES;
				CLANG_WARN_OBJC_IMPLICIT_RETAIN_SELF = YES;
				CLANG_WARN_OBJC_LITERAL_CONVERSION = YES;
				CLANG_WARN_OBJC_ROOT_CLASS = YES_ERROR;
				CLANG_WARN_QUOTED_INCLUDE_IN_FRAMEWORK_HEADER = YES;
				CLANG_WARN_RANGE_LOOP_ANALYSIS = YES;
				CLANG_WARN_STRICT_PROTOTYPES = YES;
				CLANG_WARN_SUSPICIOUS_MOVE = YES;
				CLANG_WARN_UNGUARDED_AVAILABILITY = YES_AGGRESSIVE;
				CLANG_WARN_UNREACHABLE_CODE = YES;
				CLANG_WARN__DUPLICATE_METHOD_MATCH = YES;
				COPY_PHASE_STRIP = NO;
				DEBUG_INFORMATION_FORMAT = dwarf;
				ENABLE_STRICT_OBJC_MSGSEND = YES;
				ENABLE_TESTABILITY = YES;
				GCC_C_LANGUAGE_STANDARD = gnu11;
				GCC_DYNAMIC_NO_PIC = NO;
				GCC_NO_COMMON_BLOCKS = YES;
				GCC_OPTIMIZATION_LEVEL = 0;
				GCC_PREPROCESSOR_DEFINITIONS = (
					"DEBUG=1",
					"$(inherited)",
				);
				GCC_WARN_64_TO_32_BIT_CONVERSION = YES;
				GCC_WARN_ABOUT_RETURN_TYPE = YES_ERROR;
				GCC_WARN_UNDECLARED_SELECTOR = YES;
				GCC_WARN_UNINITIALIZED_AUTOS = YES_AGGRESSIVE;
				GCC_WARN_UNUSED_FUNCTION = YES;
				GCC_WARN_UNUSED_VARIABLE = YES;
				IPHONEOS_DEPLOYMENT_TARGET = 14.5;
				MTL_ENABLE_DEBUG_INFO = INCLUDE_SOURCE;
				MTL_FAST_MATH = YES;
				ONLY_ACTIVE_ARCH = YES;
				SDKROOT = iphoneos;
				SWIFT_ACTIVE_COMPILATION_CONDITIONS = DEBUG;
				SWIFT_OPTIMIZATION_LEVEL = "-Onone";
			};
			name = Debug;
		};
		F3BA8C262652BB2E00B79F38 /* Release */ = {
			isa = XCBuildConfiguration;
			buildSettings = {
				ALWAYS_SEARCH_USER_PATHS = NO;
				CLANG_ANALYZER_NONNULL = YES;
				CLANG_ANALYZER_NUMBER_OBJECT_CONVERSION = YES_AGGRESSIVE;
				CLANG_CXX_LANGUAGE_STANDARD = "gnu++14";
				CLANG_CXX_LIBRARY = "libc++";
				CLANG_ENABLE_MODULES = YES;
				CLANG_ENABLE_OBJC_ARC = YES;
				CLANG_ENABLE_OBJC_WEAK = YES;
				CLANG_WARN_BLOCK_CAPTURE_AUTORELEASING = YES;
				CLANG_WARN_BOOL_CONVERSION = YES;
				CLANG_WARN_COMMA = YES;
				CLANG_WARN_CONSTANT_CONVERSION = YES;
				CLANG_WARN_DEPRECATED_OBJC_IMPLEMENTATIONS = YES;
				CLANG_WARN_DIRECT_OBJC_ISA_USAGE = YES_ERROR;
				CLANG_WARN_DOCUMENTATION_COMMENTS = YES;
				CLANG_WARN_EMPTY_BODY = YES;
				CLANG_WARN_ENUM_CONVERSION = YES;
				CLANG_WARN_INFINITE_RECURSION = YES;
				CLANG_WARN_INT_CONVERSION = YES;
				CLANG_WARN_NON_LITERAL_NULL_CONVERSION = YES;
				CLANG_WARN_OBJC_IMPLICIT_RETAIN_SELF = YES;
				CLANG_WARN_OBJC_LITERAL_CONVERSION = YES;
				CLANG_WARN_OBJC_ROOT_CLASS = YES_ERROR;
				CLANG_WARN_QUOTED_INCLUDE_IN_FRAMEWORK_HEADER = YES;
				CLANG_WARN_RANGE_LOOP_ANALYSIS = YES;
				CLANG_WARN_STRICT_PROTOTYPES = YES;
				CLANG_WARN_SUSPICIOUS_MOVE = YES;
				CLANG_WARN_UNGUARDED_AVAILABILITY = YES_AGGRESSIVE;
				CLANG_WARN_UNREACHABLE_CODE = YES;
				CLANG_WARN__DUPLICATE_METHOD_MATCH = YES;
				COPY_PHASE_STRIP = NO;
				DEBUG_INFORMATION_FORMAT = "dwarf-with-dsym";
				ENABLE_NS_ASSERTIONS = NO;
				ENABLE_STRICT_OBJC_MSGSEND = YES;
				GCC_C_LANGUAGE_STANDARD = gnu11;
				GCC_NO_COMMON_BLOCKS = YES;
				GCC_WARN_64_TO_32_BIT_CONVERSION = YES;
				GCC_WARN_ABOUT_RETURN_TYPE = YES_ERROR;
				GCC_WARN_UNDECLARED_SELECTOR = YES;
				GCC_WARN_UNINITIALIZED_AUTOS = YES_AGGRESSIVE;
				GCC_WARN_UNUSED_FUNCTION = YES;
				GCC_WARN_UNUSED_VARIABLE = YES;
				IPHONEOS_DEPLOYMENT_TARGET = 14.5;
				MTL_ENABLE_DEBUG_INFO = NO;
				MTL_FAST_MATH = YES;
				SDKROOT = iphoneos;
				SWIFT_COMPILATION_MODE = wholemodule;
				SWIFT_OPTIMIZATION_LEVEL = "-O";
				VALIDATE_PRODUCT = YES;
			};
			name = Release;
		};
		F3BA8C282652BB2E00B79F38 /* Debug */ = {
			isa = XCBuildConfiguration;
			baseConfigurationReference = CE54CC16644B267F2EF6A4F9 /* Pods-TeachAssist.debug.xcconfig */;
			buildSettings = {
				ASSETCATALOG_COMPILER_APPICON_NAME = AppIcon;
				ASSETCATALOG_COMPILER_GLOBAL_ACCENT_COLOR_NAME = AccentColor;
				CODE_SIGN_STYLE = Automatic;
				DEVELOPMENT_ASSET_PATHS = "\"TeachAssist/Preview Content\"";
				DEVELOPMENT_TEAM = 3AG32RQPW3;
				ENABLE_PREVIEWS = YES;
				INFOPLIST_FILE = TeachAssist/Info.plist;
				IPHONEOS_DEPLOYMENT_TARGET = 14.0;
				LD_RUNPATH_SEARCH_PATHS = (
					"$(inherited)",
					"@executable_path/Frameworks",
				);
				MARKETING_VERSION = 4.0.4;
				PRODUCT_BUNDLE_IDENTIFIER = com.app.TeachAssist;
				PRODUCT_NAME = "$(TARGET_NAME)";
				SWIFT_VERSION = 5.0;
				TARGETED_DEVICE_FAMILY = 1;
			};
			name = Debug;
		};
		F3BA8C292652BB2E00B79F38 /* Release */ = {
			isa = XCBuildConfiguration;
			baseConfigurationReference = 4FC67F84F5065F1550038251 /* Pods-TeachAssist.release.xcconfig */;
			buildSettings = {
				ASSETCATALOG_COMPILER_APPICON_NAME = AppIcon;
				ASSETCATALOG_COMPILER_GLOBAL_ACCENT_COLOR_NAME = AccentColor;
				CODE_SIGN_STYLE = Automatic;
				DEVELOPMENT_ASSET_PATHS = "\"TeachAssist/Preview Content\"";
				DEVELOPMENT_TEAM = 3AG32RQPW3;
				ENABLE_PREVIEWS = YES;
				INFOPLIST_FILE = TeachAssist/Info.plist;
				IPHONEOS_DEPLOYMENT_TARGET = 14.0;
				LD_RUNPATH_SEARCH_PATHS = (
					"$(inherited)",
					"@executable_path/Frameworks",
				);
				MARKETING_VERSION = 4.0.4;
				PRODUCT_BUNDLE_IDENTIFIER = com.app.TeachAssist;
				PRODUCT_NAME = "$(TARGET_NAME)";
				SWIFT_VERSION = 5.0;
				TARGETED_DEVICE_FAMILY = 1;
			};
			name = Release;
		};
		F3BA8C2B2652BB2E00B79F38 /* Debug */ = {
			isa = XCBuildConfiguration;
			baseConfigurationReference = DF410B31EF8289123691D060 /* Pods-TeachAssistTests.debug.xcconfig */;
			buildSettings = {
				CODE_SIGN_STYLE = Automatic;
				DEVELOPMENT_TEAM = 3AG32RQPW3;
				INFOPLIST_FILE = TeachAssistTests/Info.plist;
				IPHONEOS_DEPLOYMENT_TARGET = 14.0;
				LD_RUNPATH_SEARCH_PATHS = (
					"$(inherited)",
					"@executable_path/Frameworks",
					"@loader_path/Frameworks",
				);
				PRODUCT_BUNDLE_IDENTIFIER = com.yorkwei.TeachAssistTests;
				PRODUCT_NAME = "$(TARGET_NAME)";
				SWIFT_VERSION = 5.0;
				TARGETED_DEVICE_FAMILY = "1,2";
				TEST_HOST = "$(BUILT_PRODUCTS_DIR)/TeachAssist.app/TeachAssist";
			};
			name = Debug;
		};
		F3BA8C2C2652BB2E00B79F38 /* Release */ = {
			isa = XCBuildConfiguration;
			baseConfigurationReference = 240BBE4389126FA234C672E6 /* Pods-TeachAssistTests.release.xcconfig */;
			buildSettings = {
				CODE_SIGN_STYLE = Automatic;
				DEVELOPMENT_TEAM = 3AG32RQPW3;
				INFOPLIST_FILE = TeachAssistTests/Info.plist;
				IPHONEOS_DEPLOYMENT_TARGET = 14.0;
				LD_RUNPATH_SEARCH_PATHS = (
					"$(inherited)",
					"@executable_path/Frameworks",
					"@loader_path/Frameworks",
				);
				PRODUCT_BUNDLE_IDENTIFIER = com.yorkwei.TeachAssistTests;
				PRODUCT_NAME = "$(TARGET_NAME)";
				SWIFT_VERSION = 5.0;
				TARGETED_DEVICE_FAMILY = "1,2";
				TEST_HOST = "$(BUILT_PRODUCTS_DIR)/TeachAssist.app/TeachAssist";
			};
			name = Release;
		};
		F3BA8C2E2652BB2E00B79F38 /* Debug */ = {
			isa = XCBuildConfiguration;
			baseConfigurationReference = 0583A148131986D8313BA064 /* Pods-TeachAssist-TeachAssistUITests.debug.xcconfig */;
			buildSettings = {
				CODE_SIGN_STYLE = Automatic;
				DEVELOPMENT_TEAM = 3AG32RQPW3;
				INFOPLIST_FILE = TeachAssistUITests/Info.plist;
				LD_RUNPATH_SEARCH_PATHS = (
					"$(inherited)",
					"@executable_path/Frameworks",
					"@loader_path/Frameworks",
				);
				PRODUCT_BUNDLE_IDENTIFIER = com.yorkwei.TeachAssistUITests;
				PRODUCT_NAME = "$(TARGET_NAME)";
				PROVISIONING_PROFILE = "";
				SWIFT_VERSION = 5.0;
				TARGETED_DEVICE_FAMILY = "1,2";
				TEST_TARGET_NAME = TeachAssist;
			};
			name = Debug;
		};
		F3BA8C2F2652BB2E00B79F38 /* Release */ = {
			isa = XCBuildConfiguration;
			baseConfigurationReference = 8084A35F71D9115350B9B5B9 /* Pods-TeachAssist-TeachAssistUITests.release.xcconfig */;
			buildSettings = {
				CODE_SIGN_STYLE = Automatic;
				DEVELOPMENT_TEAM = 3AG32RQPW3;
				INFOPLIST_FILE = TeachAssistUITests/Info.plist;
				LD_RUNPATH_SEARCH_PATHS = (
					"$(inherited)",
					"@executable_path/Frameworks",
					"@loader_path/Frameworks",
				);
				PRODUCT_BUNDLE_IDENTIFIER = com.yorkwei.TeachAssistUITests;
				PRODUCT_NAME = "$(TARGET_NAME)";
				PROVISIONING_PROFILE = "";
				SWIFT_VERSION = 5.0;
				TARGETED_DEVICE_FAMILY = "1,2";
				TEST_TARGET_NAME = TeachAssist;
			};
			name = Release;
		};
/* End XCBuildConfiguration section */

/* Begin XCConfigurationList section */
		F3BA8BF82652BB2C00B79F38 /* Build configuration list for PBXProject "TeachAssist" */ = {
			isa = XCConfigurationList;
			buildConfigurations = (
				F3BA8C252652BB2E00B79F38 /* Debug */,
				F3BA8C262652BB2E00B79F38 /* Release */,
			);
			defaultConfigurationIsVisible = 0;
			defaultConfigurationName = Release;
		};
		F3BA8C272652BB2E00B79F38 /* Build configuration list for PBXNativeTarget "TeachAssist" */ = {
			isa = XCConfigurationList;
			buildConfigurations = (
				F3BA8C282652BB2E00B79F38 /* Debug */,
				F3BA8C292652BB2E00B79F38 /* Release */,
			);
			defaultConfigurationIsVisible = 0;
			defaultConfigurationName = Release;
		};
		F3BA8C2A2652BB2E00B79F38 /* Build configuration list for PBXNativeTarget "TeachAssistTests" */ = {
			isa = XCConfigurationList;
			buildConfigurations = (
				F3BA8C2B2652BB2E00B79F38 /* Debug */,
				F3BA8C2C2652BB2E00B79F38 /* Release */,
			);
			defaultConfigurationIsVisible = 0;
			defaultConfigurationName = Release;
		};
		F3BA8C2D2652BB2E00B79F38 /* Build configuration list for PBXNativeTarget "TeachAssistUITests" */ = {
			isa = XCConfigurationList;
			buildConfigurations = (
				F3BA8C2E2652BB2E00B79F38 /* Debug */,
				F3BA8C2F2652BB2E00B79F38 /* Release */,
			);
			defaultConfigurationIsVisible = 0;
			defaultConfigurationName = Release;
		};
/* End XCConfigurationList section */

/* Begin XCVersionGroup section */
		F3BA8C0B2652BB2E00B79F38 /* TeachAssist.xcdatamodeld */ = {
			isa = XCVersionGroup;
			children = (
				F3BA8C0C2652BB2E00B79F38 /* TeachAssist.xcdatamodel */,
			);
			currentVersion = F3BA8C0C2652BB2E00B79F38 /* TeachAssist.xcdatamodel */;
			path = TeachAssist.xcdatamodeld;
			sourceTree = "<group>";
			versionGroupType = wrapper.xcdatamodel;
		};
/* End XCVersionGroup section */
	};
	rootObject = F3BA8BF52652BB2C00B79F38 /* Project object */;
}
